
Microsoft Visual Studio Solution File, Format Version 12.00
# Visual Studio Version 16
VisualStudioVersion = 16.0.30128.74
MinimumVisualStudioVersion = 10.0.40219.1
Project("{FAE04EC0-301F-11D3-BF4B-00C04F79EFBC}") = "ReceiverDemo", "ReceiverDemo.csproj", "{C76EEE42-A0B0-4C9A-9DC2-E4D2CF552168}"
EndProject
Global
	GlobalSection(SolutionConfigurationPlatforms) = preSolution
		Debug|Any CPU = Debug|Any CPU
		Debug|x64 = Debug|x64
		Debug|x86 = Debug|x86
		Release|Any CPU = Release|Any CPU
		Release|x64 = Release|x64
		Release|x86 = Release|x86
	EndGlobalSection
	GlobalSection(ProjectConfigurationPlatforms) = postSolution
		{C76EEE42-A0B0-4C9A-9DC2-E4D2CF552168}.Debug|Any CPU.ActiveCfg = Debug|Any CPU
		{C76EEE42-A0B0-4C9A-9DC2-E4D2CF552168}.Debug|Any CPU.Build.0 = Debug|Any CPU
		{C76EEE42-A0B0-4C9A-9DC2-E4D2CF552168}.Debug|x64.ActiveCfg = Debug|Any CPU
		{C76EEE42-A0B0-4C9A-9DC2-E4D2CF552168}.Debug|x64.Build.0 = Debug|Any CPU
		{C76EEE42-A0B0-4C9A-9DC2-E4D2CF552168}.Debug|x86.ActiveCfg = Debug|Any CPU
		{C76EEE42-A0B0-4C9A-9DC2-E4D2CF552168}.Debug|x86.Build.0 = Debug|Any CPU
		{C76EEE42-A0B0-4C9A-9DC2-E4D2CF552168}.Release|Any CPU.ActiveCfg = Release|Any CPU
		{C76EEE42-A0B0-4C9A-9DC2-E4D2CF552168}.Release|Any CPU.Build.0 = Release|Any CPU
		{C76EEE42-A0B0-4C9A-9DC2-E4D2CF552168}.Release|x64.ActiveCfg = Release|Any CPU
		{C76EEE42-A0B0-4C9A-9DC2-E4D2CF552168}.Release|x64.Build.0 = Release|Any CPU
		{C76EEE42-A0B0-4C9A-9DC2-E4D2CF552168}.Release|x86.ActiveCfg = Release|Any CPU
		{C76EEE42-A0B0-4C9A-9DC2-E4D2CF552168}.Release|x86.Build.0 = Release|Any CPU
	EndGlobalSection
	GlobalSection(SolutionProperties) = preSolution
		HideSolutionNode = FALSE
	EndGlobalSection
	GlobalSection(ExtensibilityGlobals) = postSolution
		SolutionGuid = {9E160AC9-D9F7-405F-A3E3-D789A478D88B}
	EndGlobalSection
EndGlobal
